
Microsoft Visual Studio Solution File, Format Version 12.00
# Visual Studio Version 17
VisualStudioVersion = 17.8.34511.84
MinimumVisualStudioVersion = 10.0.40219.1
Project("{FAE04EC0-301F-11D3-BF4B-00C04F79EFBC}") = "Finance_back", "Finance_back\Finance_back.csproj", "{F8B709EB-B6BC-44D9-82CC-948992CDE992}"
EndProject
Global
	GlobalSection(SolutionConfigurationPlatforms) = preSolution
		Debug|Any CPU = Debug|Any CPU
		Release|Any CPU = Release|Any CPU
	EndGlobalSection
	GlobalSection(ProjectConfigurationPlatforms) = postSolution
		{F8B709EB-B6BC-44D9-82CC-948992CDE992}.Debug|Any CPU.ActiveCfg = Debug|Any CPU
		{F8B709EB-B6BC-44D9-82CC-948992CDE992}.Debug|Any CPU.Build.0 = Debug|Any CPU
		{F8B709EB-B6BC-44D9-82CC-948992CDE992}.Release|Any CPU.ActiveCfg = Release|Any CPU
		{F8B709EB-B6BC-44D9-82CC-948992CDE992}.Release|Any CPU.Build.0 = Release|Any CPU
	EndGlobalSection
	GlobalSection(SolutionProperties) = preSolution
		HideSolutionNode = FALSE
	EndGlobalSection
	GlobalSection(ExtensibilityGlobals) = postSolution
		SolutionGuid = {85AB13D4-7952-4B5F-B97B-67A9C2ADA6FB}
	EndGlobalSection
EndGlobal
